// !$*UTF8*$!
{
	archiveVersion = 1;
	classes = {
	};
	objectVersion = 51;
	objects = {

/* Begin PBXBuildFile section */
		045BB1522561555700F2BBCF /* GoogleService-Info.plist in Resources */ = {isa = PBXBuildFile; fileRef = 045BB1512561555700F2BBCF /* GoogleService-Info.plist */; };
		045F466E256681E70076C62B /* Setting.swift in Sources */ = {isa = PBXBuildFile; fileRef = 045F466D256681E70076C62B /* Setting.swift */; };
		04E0A6FB25610CF900B8AF55 /* AppDelegate.swift in Sources */ = {isa = PBXBuildFile; fileRef = 04E0A6FA25610CF900B8AF55 /* AppDelegate.swift */; };
		04E0A6FD25610CF900B8AF55 /* SceneDelegate.swift in Sources */ = {isa = PBXBuildFile; fileRef = 04E0A6FC25610CF900B8AF55 /* SceneDelegate.swift */; };
		04E0A6FF25610CF900B8AF55 /* SplashVC.swift in Sources */ = {isa = PBXBuildFile; fileRef = 04E0A6FE25610CF900B8AF55 /* SplashVC.swift */; };
		04E0A70225610CF900B8AF55 /* Main.storyboard in Resources */ = {isa = PBXBuildFile; fileRef = 04E0A70025610CF900B8AF55 /* Main.storyboard */; };
		04E0A70425610CFB00B8AF55 /* Assets.xcassets in Resources */ = {isa = PBXBuildFile; fileRef = 04E0A70325610CFB00B8AF55 /* Assets.xcassets */; };
		04E0A70725610CFB00B8AF55 /* LaunchScreen.storyboard in Resources */ = {isa = PBXBuildFile; fileRef = 04E0A70525610CFB00B8AF55 /* LaunchScreen.storyboard */; };
		04E0A7172561126800B8AF55 /* LoginVC.swift in Sources */ = {isa = PBXBuildFile; fileRef = 04E0A7162561126800B8AF55 /* LoginVC.swift */; };
		04E0A71A256112B600B8AF55 /* MenuVC.swift in Sources */ = {isa = PBXBuildFile; fileRef = 04E0A719256112B600B8AF55 /* MenuVC.swift */; };
		04E0A71D256112DC00B8AF55 /* ProfileVC.swift in Sources */ = {isa = PBXBuildFile; fileRef = 04E0A71C256112DC00B8AF55 /* ProfileVC.swift */; };
		04E0A7202561134600B8AF55 /* SubjectListVC.swift in Sources */ = {isa = PBXBuildFile; fileRef = 04E0A71F2561134600B8AF55 /* SubjectListVC.swift */; };
		0B3D462B8BC208CF60890560 /* Pods_Studyminus.framework in Frameworks */ = {isa = PBXBuildFile; fileRef = 07307EEA1DD44C423C56A361 /* Pods_Studyminus.framework */; };
/* End PBXBuildFile section */

/* Begin PBXFileReference section */
		045BB1512561555700F2BBCF /* GoogleService-Info.plist */ = {isa = PBXFileReference; fileEncoding = 4; lastKnownFileType = text.plist.xml; path = "GoogleService-Info.plist"; sourceTree = "<group>"; };
		045F466D256681E70076C62B /* Setting.swift */ = {isa = PBXFileReference; lastKnownFileType = sourcecode.swift; path = Setting.swift; sourceTree = "<group>"; };
		04E0A6F725610CF800B8AF55 /* Studyminus.app */ = {isa = PBXFileReference; explicitFileType = wrapper.application; includeInIndex = 0; path = Studyminus.app; sourceTree = BUILT_PRODUCTS_DIR; };
		04E0A6FA25610CF900B8AF55 /* AppDelegate.swift */ = {isa = PBXFileReference; lastKnownFileType = sourcecode.swift; path = AppDelegate.swift; sourceTree = "<group>"; };
		04E0A6FC25610CF900B8AF55 /* SceneDelegate.swift */ = {isa = PBXFileReference; lastKnownFileType = sourcecode.swift; path = SceneDelegate.swift; sourceTree = "<group>"; };
		04E0A6FE25610CF900B8AF55 /* SplashVC.swift */ = {isa = PBXFileReference; lastKnownFileType = sourcecode.swift; path = SplashVC.swift; sourceTree = "<group>"; };
		04E0A70125610CF900B8AF55 /* Base */ = {isa = PBXFileReference; lastKnownFileType = file.storyboard; name = Base; path = Base.lproj/Main.storyboard; sourceTree = "<group>"; };
		04E0A70325610CFB00B8AF55 /* Assets.xcassets */ = {isa = PBXFileReference; lastKnownFileType = folder.assetcatalog; path = Assets.xcassets; sourceTree = "<group>"; };
		04E0A70625610CFB00B8AF55 /* Base */ = {isa = PBXFileReference; lastKnownFileType = file.storyboard; name = Base; path = Base.lproj/LaunchScreen.storyboard; sourceTree = "<group>"; };
		04E0A70825610CFB00B8AF55 /* Info.plist */ = {isa = PBXFileReference; lastKnownFileType = text.plist.xml; path = Info.plist; sourceTree = "<group>"; };
		04E0A7162561126800B8AF55 /* LoginVC.swift */ = {isa = PBXFileReference; lastKnownFileType = sourcecode.swift; path = LoginVC.swift; sourceTree = "<group>"; };
		04E0A719256112B600B8AF55 /* MenuVC.swift */ = {isa = PBXFileReference; lastKnownFileType = sourcecode.swift; path = MenuVC.swift; sourceTree = "<group>"; };
		04E0A71C256112DC00B8AF55 /* ProfileVC.swift */ = {isa = PBXFileReference; lastKnownFileType = sourcecode.swift; path = ProfileVC.swift; sourceTree = "<group>"; };
		04E0A71F2561134600B8AF55 /* SubjectListVC.swift */ = {isa = PBXFileReference; lastKnownFileType = sourcecode.swift; path = SubjectListVC.swift; sourceTree = "<group>"; };
		07307EEA1DD44C423C56A361 /* Pods_Studyminus.framework */ = {isa = PBXFileReference; explicitFileType = wrapper.framework; includeInIndex = 0; path = Pods_Studyminus.framework; sourceTree = BUILT_PRODUCTS_DIR; };
		21BB80E6A649809A628E36FE /* Pods-Studyminus.debug.xcconfig */ = {isa = PBXFileReference; includeInIndex = 1; lastKnownFileType = text.xcconfig; name = "Pods-Studyminus.debug.xcconfig"; path = "Pods/Target Support Files/Pods-Studyminus/Pods-Studyminus.debug.xcconfig"; sourceTree = "<group>"; };
		93E69D98269A199FC055FF10 /* Pods-Studyminus.release.xcconfig */ = {isa = PBXFileReference; includeInIndex = 1; lastKnownFileType = text.xcconfig; name = "Pods-Studyminus.release.xcconfig"; path = "Pods/Target Support Files/Pods-Studyminus/Pods-Studyminus.release.xcconfig"; sourceTree = "<group>"; };
/* End PBXFileReference section */

/* Begin PBXFrameworksBuildPhase section */
		04E0A6F425610CF800B8AF55 /* Frameworks */ = {
			isa = PBXFrameworksBuildPhase;
			buildActionMask = 2147483647;
			files = (
				0B3D462B8BC208CF60890560 /* Pods_Studyminus.framework in Frameworks */,
			);
			runOnlyForDeploymentPostprocessing = 0;
		};
/* End PBXFrameworksBuildPhase section */

/* Begin PBXGroup section */
		04E0A6EE25610CF800B8AF55 = {
			isa = PBXGroup;
			children = (
				04E0A6F925610CF800B8AF55 /* Studyminus */,
				04E0A6F825610CF800B8AF55 /* Products */,
				A7058C90AC13D2607CD0E87C /* Pods */,
				F1F256BC352A6E6690F41214 /* Frameworks */,
			);
			sourceTree = "<group>";
		};
		04E0A6F825610CF800B8AF55 /* Products */ = {
			isa = PBXGroup;
			children = (
				04E0A6F725610CF800B8AF55 /* Studyminus.app */,
			);
			name = Products;
			sourceTree = "<group>";
		};
		04E0A6F925610CF800B8AF55 /* Studyminus */ = {
			isa = PBXGroup;
			children = (
				04E0A71225610D1D00B8AF55 /* Model */,
				04E0A70F25610D0400B8AF55 /* View */,
				04E0A71325610D2400B8AF55 /* Controller */,
				04E0A6FA25610CF900B8AF55 /* AppDelegate.swift */,
				04E0A6FC25610CF900B8AF55 /* SceneDelegate.swift */,
				04E0A70025610CF900B8AF55 /* Main.storyboard */,
				04E0A70325610CFB00B8AF55 /* Assets.xcassets */,
				04E0A70525610CFB00B8AF55 /* LaunchScreen.storyboard */,
				04E0A70825610CFB00B8AF55 /* Info.plist */,
				045BB1512561555700F2BBCF /* GoogleService-Info.plist */,
			);
			path = Studyminus;
			sourceTree = "<group>";
		};
		04E0A70F25610D0400B8AF55 /* View */ = {
			isa = PBXGroup;
			children = (
			);
			path = View;
			sourceTree = "<group>";
		};
		04E0A71225610D1D00B8AF55 /* Model */ = {
			isa = PBXGroup;
			children = (
				045F466D256681E70076C62B /* Setting.swift */,
			);
			path = Model;
			sourceTree = "<group>";
		};
		04E0A71325610D2400B8AF55 /* Controller */ = {
			isa = PBXGroup;
			children = (
				04E0A6FE25610CF900B8AF55 /* SplashVC.swift */,
				04E0A7162561126800B8AF55 /* LoginVC.swift */,
				04E0A71F2561134600B8AF55 /* SubjectListVC.swift */,
				04E0A71C256112DC00B8AF55 /* ProfileVC.swift */,
				04E0A719256112B600B8AF55 /* MenuVC.swift */,
			);
			path = Controller;
			sourceTree = "<group>";
		};
		A7058C90AC13D2607CD0E87C /* Pods */ = {
			isa = PBXGroup;
			children = (
				21BB80E6A649809A628E36FE /* Pods-Studyminus.debug.xcconfig */,
				93E69D98269A199FC055FF10 /* Pods-Studyminus.release.xcconfig */,
			);
			name = Pods;
			sourceTree = "<group>";
		};
		F1F256BC352A6E6690F41214 /* Frameworks */ = {
			isa = PBXGroup;
			children = (
				07307EEA1DD44C423C56A361 /* Pods_Studyminus.framework */,
			);
			name = Frameworks;
			sourceTree = "<group>";
		};
/* End PBXGroup section */

/* Begin PBXNativeTarget section */
		04E0A6F625610CF800B8AF55 /* Studyminus */ = {
			isa = PBXNativeTarget;
			buildConfigurationList = 04E0A70B25610CFB00B8AF55 /* Build configuration list for PBXNativeTarget "Studyminus" */;
			buildPhases = (
				6D3F6A384B61D1790AED9827 /* [CP] Check Pods Manifest.lock */,
				04E0A6F325610CF800B8AF55 /* Sources */,
				04E0A6F425610CF800B8AF55 /* Frameworks */,
				04E0A6F525610CF800B8AF55 /* Resources */,
				B0637858E1FE176F8C878845 /* [CP] Embed Pods Frameworks */,
			);
			buildRules = (
			);
			dependencies = (
			);
			name = Studyminus;
			productName = Studyminus;
			productReference = 04E0A6F725610CF800B8AF55 /* Studyminus.app */;
			productType = "com.apple.product-type.application";
		};
/* End PBXNativeTarget section */

/* Begin PBXProject section */
		04E0A6EF25610CF800B8AF55 /* Project object */ = {
			isa = PBXProject;
			attributes = {
				LastSwiftUpdateCheck = 1200;
				LastUpgradeCheck = 1200;
				TargetAttributes = {
					04E0A6F625610CF800B8AF55 = {
						CreatedOnToolsVersion = 12.0;
					};
				};
			};
			buildConfigurationList = 04E0A6F225610CF800B8AF55 /* Build configuration list for PBXProject "Studyminus" */;
			compatibilityVersion = "Xcode 9.3";
			developmentRegion = en;
			hasScannedForEncodings = 0;
			knownRegions = (
				en,
				Base,
			);
			mainGroup = 04E0A6EE25610CF800B8AF55;
			productRefGroup = 04E0A6F825610CF800B8AF55 /* Products */;
			projectDirPath = "";
			projectRoot = "";
			targets = (
				04E0A6F625610CF800B8AF55 /* Studyminus */,
			);
		};
/* End PBXProject section */

/* Begin PBXResourcesBuildPhase section */
		04E0A6F525610CF800B8AF55 /* Resources */ = {
			isa = PBXResourcesBuildPhase;
			buildActionMask = 2147483647;
			files = (
				04E0A70725610CFB00B8AF55 /* LaunchScreen.storyboard in Resources */,
				045BB1522561555700F2BBCF /* GoogleService-Info.plist in Resources */,
				04E0A70425610CFB00B8AF55 /* Assets.xcassets in Resources */,
				04E0A70225610CF900B8AF55 /* Main.storyboard in Resources */,
			);
			runOnlyForDeploymentPostprocessing = 0;
		};
/* End PBXResourcesBuildPhase section */

/* Begin PBXShellScriptBuildPhase section */
		6D3F6A384B61D1790AED9827 /* [CP] Check Pods Manifest.lock */ = {
			isa = PBXShellScriptBuildPhase;
			buildActionMask = 2147483647;
			files = (
			);
			inputPaths = (
				"${PODS_PODFILE_DIR_PATH}/Podfile.lock",
				"${PODS_ROOT}/Manifest.lock",
			);
			name = "[CP] Check Pods Manifest.lock";
			outputPaths = (
				"$(DERIVED_FILE_DIR)/Pods-Studyminus-checkManifestLockResult.txt",
			);
			runOnlyForDeploymentPostprocessing = 0;
			shellPath = /bin/sh;
			shellScript = "diff \"${PODS_PODFILE_DIR_PATH}/Podfile.lock\" \"${PODS_ROOT}/Manifest.lock\" > /dev/null\nif [ $? != 0 ] ; then\n    # print error to STDERR\n    echo \"error: The sandbox is not in sync with the Podfile.lock. Run 'pod install' or update your CocoaPods installation.\" >&2\n    exit 1\nfi\n# This output is used by Xcode 'outputs' to avoid re-running this script phase.\necho \"SUCCESS\" > \"${SCRIPT_OUTPUT_FILE_0}\"\n";
			showEnvVarsInLog = 0;
		};
		B0637858E1FE176F8C878845 /* [CP] Embed Pods Frameworks */ = {
			isa = PBXShellScriptBuildPhase;
			buildActionMask = 2147483647;
			files = (
			);
			inputFileListPaths = (
				"${PODS_ROOT}/Target Support Files/Pods-Studyminus/Pods-Studyminus-frameworks-${CONFIGURATION}-input-files.xcfilelist",
			);
			name = "[CP] Embed Pods Frameworks";
			outputFileListPaths = (
				"${PODS_ROOT}/Target Support Files/Pods-Studyminus/Pods-Studyminus-frameworks-${CONFIGURATION}-output-files.xcfilelist",
			);
			runOnlyForDeploymentPostprocessing = 0;
			shellPath = /bin/sh;
			shellScript = "\"${PODS_ROOT}/Target Support Files/Pods-Studyminus/Pods-Studyminus-frameworks.sh\"\n";
			showEnvVarsInLog = 0;
		};
/* End PBXShellScriptBuildPhase section */

/* Begin PBXSourcesBuildPhase section */
		04E0A6F325610CF800B8AF55 /* Sources */ = {
			isa = PBXSourcesBuildPhase;
			buildActionMask = 2147483647;
			files = (
				04E0A71D256112DC00B8AF55 /* ProfileVC.swift in Sources */,
				04E0A6FF25610CF900B8AF55 /* SplashVC.swift in Sources */,
				04E0A7202561134600B8AF55 /* SubjectListVC.swift in Sources */,
				04E0A6FB25610CF900B8AF55 /* AppDelegate.swift in Sources */,
				04E0A7172561126800B8AF55 /* LoginVC.swift in Sources */,
				04E0A6FD25610CF900B8AF55 /* SceneDelegate.swift in Sources */,
				045F466E256681E70076C62B /* Setting.swift in Sources */,
				04E0A71A256112B600B8AF55 /* MenuVC.swift in Sources */,
			);
			runOnlyForDeploymentPostprocessing = 0;
		};
/* End PBXSourcesBuildPhase section */

/* Begin PBXVariantGroup section */
		04E0A70025610CF900B8AF55 /* Main.storyboard */ = {
			isa = PBXVariantGroup;
			children = (
				04E0A70125610CF900B8AF55 /* Base */,
			);
			name = Main.storyboard;
			sourceTree = "<group>";
		};
		04E0A70525610CFB00B8AF55 /* LaunchScreen.storyboard */ = {
			isa = PBXVariantGroup;
			children = (
				04E0A70625610CFB00B8AF55 /* Base */,
			);
			name = LaunchScreen.storyboard;
			sourceTree = "<group>";
		};
/* End PBXVariantGroup section */

/* Begin XCBuildConfiguration section */
		04E0A70925610CFB00B8AF55 /* Debug */ = {
			isa = XCBuildConfiguration;
			buildSettings = {
				ALWAYS_SEARCH_USER_PATHS = NO;
				CLANG_ANALYZER_NONNULL = YES;
				CLANG_ANALYZER_NUMBER_OBJECT_CONVERSION = YES_AGGRESSIVE;
				CLANG_CXX_LANGUAGE_STANDARD = "gnu++14";
				CLANG_CXX_LIBRARY = "libc++";
				CLANG_ENABLE_MODULES = YES;
				CLANG_ENABLE_OBJC_ARC = YES;
				CLANG_ENABLE_OBJC_WEAK = YES;
				CLANG_WARN_BLOCK_CAPTURE_AUTORELEASING = YES;
				CLANG_WARN_BOOL_CONVERSION = YES;
				CLANG_WARN_COMMA = YES;
				CLANG_WARN_CONSTANT_CONVERSION = YES;
				CLANG_WARN_DEPRECATED_OBJC_IMPLEMENTATIONS = YES;
				CLANG_WARN_DIRECT_OBJC_ISA_USAGE = YES_ERROR;
				CLANG_WARN_DOCUMENTATION_COMMENTS = YES;
				CLANG_WARN_EMPTY_BODY = YES;
				CLANG_WARN_ENUM_CONVERSION = YES;
				CLANG_WARN_INFINITE_RECURSION = YES;
				CLANG_WARN_INT_CONVERSION = YES;
				CLANG_WARN_NON_LITERAL_NULL_CONVERSION = YES;
				CLANG_WARN_OBJC_IMPLICIT_RETAIN_SELF = YES;
				CLANG_WARN_OBJC_LITERAL_CONVERSION = YES;
				CLANG_WARN_OBJC_ROOT_CLASS = YES_ERROR;
				CLANG_WARN_QUOTED_INCLUDE_IN_FRAMEWORK_HEADER = YES;
				CLANG_WARN_RANGE_LOOP_ANALYSIS = YES;
				CLANG_WARN_STRICT_PROTOTYPES = YES;
				CLANG_WARN_SUSPICIOUS_MOVE = YES;
				CLANG_WARN_UNGUARDED_AVAILABILITY = YES_AGGRESSIVE;
				CLANG_WARN_UNREACHABLE_CODE = YES;
				CLANG_WARN__DUPLICATE_METHOD_MATCH = YES;
				COPY_PHASE_STRIP = NO;
				DEBUG_INFORMATION_FORMAT = dwarf;
				ENABLE_STRICT_OBJC_MSGSEND = YES;
				ENABLE_TESTABILITY = YES;
				GCC_C_LANGUAGE_STANDARD = gnu11;
				GCC_DYNAMIC_NO_PIC = NO;
				GCC_NO_COMMON_BLOCKS = YES;
				GCC_OPTIMIZATION_LEVEL = 0;
				GCC_PREPROCESSOR_DEFINITIONS = (
					"DEBUG=1",
					"$(inherited)",
				);
				GCC_WARN_64_TO_32_BIT_CONVERSION = YES;
				GCC_WARN_ABOUT_RETURN_TYPE = YES_ERROR;
				GCC_WARN_UNDECLARED_SELECTOR = YES;
				GCC_WARN_UNINITIALIZED_AUTOS = YES_AGGRESSIVE;
				GCC_WARN_UNUSED_FUNCTION = YES;
				GCC_WARN_UNUSED_VARIABLE = YES;
				IPHONEOS_DEPLOYMENT_TARGET = 14.0;
				MTL_ENABLE_DEBUG_INFO = INCLUDE_SOURCE;
				MTL_FAST_MATH = YES;
				ONLY_ACTIVE_ARCH = YES;
				SDKROOT = iphoneos;
				SWIFT_ACTIVE_COMPILATION_CONDITIONS = DEBUG;
				SWIFT_OPTIMIZATION_LEVEL = "-Onone";
			};
			name = Debug;
		};
		04E0A70A25610CFB00B8AF55 /* Release */ = {
			isa = XCBuildConfiguration;
			buildSettings = {
				ALWAYS_SEARCH_USER_PATHS = NO;
				CLANG_ANALYZER_NONNULL = YES;
				CLANG_ANALYZER_NUMBER_OBJECT_CONVERSION = YES_AGGRESSIVE;
				CLANG_CXX_LANGUAGE_STANDARD = "gnu++14";
				CLANG_CXX_LIBRARY = "libc++";
				CLANG_ENABLE_MODULES = YES;
				CLANG_ENABLE_OBJC_ARC = YES;
				CLANG_ENABLE_OBJC_WEAK = YES;
				CLANG_WARN_BLOCK_CAPTURE_AUTORELEASING = YES;
				CLANG_WARN_BOOL_CONVERSION = YES;
				CLANG_WARN_COMMA = YES;
				CLANG_WARN_CONSTANT_CONVERSION = YES;
				CLANG_WARN_DEPRECATED_OBJC_IMPLEMENTATIONS = YES;
				CLANG_WARN_DIRECT_OBJC_ISA_USAGE = YES_ERROR;
				CLANG_WARN_DOCUMENTATION_COMMENTS = YES;
				CLANG_WARN_EMPTY_BODY = YES;
				CLANG_WARN_ENUM_CONVERSION = YES;
				CLANG_WARN_INFINITE_RECURSION = YES;
				CLANG_WARN_INT_CONVERSION = YES;
				CLANG_WARN_NON_LITERAL_NULL_CONVERSION = YES;
				CLANG_WARN_OBJC_IMPLICIT_RETAIN_SELF = YES;
				CLANG_WARN_OBJC_LITERAL_CONVERSION = YES;
				CLANG_WARN_OBJC_ROOT_CLASS = YES_ERROR;
				CLANG_WARN_QUOTED_INCLUDE_IN_FRAMEWORK_HEADER = YES;
				CLANG_WARN_RANGE_LOOP_ANALYSIS = YES;
				CLANG_WARN_STRICT_PROTOTYPES = YES;
				CLANG_WARN_SUSPICIOUS_MOVE = YES;
				CLANG_WARN_UNGUARDED_AVAILABILITY = YES_AGGRESSIVE;
				CLANG_WARN_UNREACHABLE_CODE = YES;
				CLANG_WARN__DUPLICATE_METHOD_MATCH = YES;
				COPY_PHASE_STRIP = NO;
				DEBUG_INFORMATION_FORMAT = "dwarf-with-dsym";
				ENABLE_NS_ASSERTIONS = NO;
				ENABLE_STRICT_OBJC_MSGSEND = YES;
				GCC_C_LANGUAGE_STANDARD = gnu11;
				GCC_NO_COMMON_BLOCKS = YES;
				GCC_WARN_64_TO_32_BIT_CONVERSION = YES;
				GCC_WARN_ABOUT_RETURN_TYPE = YES_ERROR;
				GCC_WARN_UNDECLARED_SELECTOR = YES;
				GCC_WARN_UNINITIALIZED_AUTOS = YES_AGGRESSIVE;
				GCC_WARN_UNUSED_FUNCTION = YES;
				GCC_WARN_UNUSED_VARIABLE = YES;
				IPHONEOS_DEPLOYMENT_TARGET = 14.0;
				MTL_ENABLE_DEBUG_INFO = NO;
				MTL_FAST_MATH = YES;
				SDKROOT = iphoneos;
				SWIFT_COMPILATION_MODE = wholemodule;
				SWIFT_OPTIMIZATION_LEVEL = "-O";
				VALIDATE_PRODUCT = YES;
			};
			name = Release;
		};
		04E0A70C25610CFB00B8AF55 /* Debug */ = {
			isa = XCBuildConfiguration;
			baseConfigurationReference = 21BB80E6A649809A628E36FE /* Pods-Studyminus.debug.xcconfig */;
			buildSettings = {
				ASSETCATALOG_COMPILER_APPICON_NAME = AppIcon;
				ASSETCATALOG_COMPILER_GLOBAL_ACCENT_COLOR_NAME = AccentColor;
				CODE_SIGN_STYLE = Automatic;
				DEVELOPMENT_TEAM = CCX6AV44RN;
				INFOPLIST_FILE = Studyminus/Info.plist;
				LD_RUNPATH_SEARCH_PATHS = (
					"$(inherited)",
					"@executable_path/Frameworks",
				);
				PRODUCT_BUNDLE_IDENTIFIER = "don.kusao2-1.Studyminus";
				PRODUCT_NAME = "$(TARGET_NAME)";
				SWIFT_VERSION = 5.0;
				TARGETED_DEVICE_FAMILY = "1,2";
			};
			name = Debug;
		};
		04E0A70D25610CFB00B8AF55 /* Release */ = {
			isa = XCBuildConfiguration;
			baseConfigurationReference = 93E69D98269A199FC055FF10 /* Pods-Studyminus.release.xcconfig */;
			buildSettings = {
				ASSETCATALOG_COMPILER_APPICON_NAME = AppIcon;
				ASSETCATALOG_COMPILER_GLOBAL_ACCENT_COLOR_NAME = AccentColor;
				CODE_SIGN_STYLE = Automatic;
				DEVELOPMENT_TEAM = CCX6AV44RN;
				INFOPLIST_FILE = Studyminus/Info.plist;
				LD_RUNPATH_SEARCH_PATHS = (
					"$(inherited)",
					"@executable_path/Frameworks",
				);
				PRODUCT_BUNDLE_IDENTIFIER = "don.kusao2-1.Studyminus";
				PRODUCT_NAME = "$(TARGET_NAME)";
				SWIFT_VERSION = 5.0;
				TARGETED_DEVICE_FAMILY = "1,2";
			};
			name = Release;
		};
/* End XCBuildConfiguration section */

/* Begin XCConfigurationList section */
		04E0A6F225610CF800B8AF55 /* Build configuration list for PBXProject "Studyminus" */ = {
			isa = XCConfigurationList;
			buildConfigurations = (
				04E0A70925610CFB00B8AF55 /* Debug */,
				04E0A70A25610CFB00B8AF55 /* Release */,
			);
			defaultConfigurationIsVisible = 0;
			defaultConfigurationName = Release;
		};
		04E0A70B25610CFB00B8AF55 /* Build configuration list for PBXNativeTarget "Studyminus" */ = {
			isa = XCConfigurationList;
			buildConfigurations = (
				04E0A70C25610CFB00B8AF55 /* Debug */,
				04E0A70D25610CFB00B8AF55 /* Release */,
			);
			defaultConfigurationIsVisible = 0;
			defaultConfigurationName = Release;
		};
/* End XCConfigurationList section */
	};
	rootObject = 04E0A6EF25610CF800B8AF55 /* Project object */;
}
